
Microsoft Visual Studio Solution File, Format Version 12.00
# Visual Studio Version 16
VisualStudioVersion = 16.0.28729.10
MinimumVisualStudioVersion = 10.0.40219.1
Project("{9A19103F-16F7-4668-BE54-9A1E7A4F7556}") = "GNet", "GNet\GNet.csproj", "{E3A5BDD3-B8C7-487B-A274-7CD1905031ED}"
EndProject
Project("{9A19103F-16F7-4668-BE54-9A1E7A4F7556}") = "IDX Reader", "..\IDX Reader\IDX Reader\IDX Reader.csproj", "{B7B200AD-5282-4C85-9A64-127941F72F0F}"
EndProject
Global
	GlobalSection(SolutionConfigurationPlatforms) = preSolution
		Debug|Any CPU = Debug|Any CPU
		Release|Any CPU = Release|Any CPU
	EndGlobalSection
	GlobalSection(ProjectConfigurationPlatforms) = postSolution
		{E3A5BDD3-B8C7-487B-A274-7CD1905031ED}.Debug|Any CPU.ActiveCfg = Debug|Any CPU
		{E3A5BDD3-B8C7-487B-A274-7CD1905031ED}.Debug|Any CPU.Build.0 = Debug|Any CPU
		{E3A5BDD3-B8C7-487B-A274-7CD1905031ED}.Release|Any CPU.ActiveCfg = Release|Any CPU
		{E3A5BDD3-B8C7-487B-A274-7CD1905031ED}.Release|Any CPU.Build.0 = Release|Any CPU
		{B7B200AD-5282-4C85-9A64-127941F72F0F}.Debug|Any CPU.ActiveCfg = Debug|Any CPU
		{B7B200AD-5282-4C85-9A64-127941F72F0F}.Debug|Any CPU.Build.0 = Debug|Any CPU
		{B7B200AD-5282-4C85-9A64-127941F72F0F}.Release|Any CPU.ActiveCfg = Release|Any CPU
		{B7B200AD-5282-4C85-9A64-127941F72F0F}.Release|Any CPU.Build.0 = Release|Any CPU
	EndGlobalSection
	GlobalSection(SolutionProperties) = preSolution
		HideSolutionNode = FALSE
	EndGlobalSection
	GlobalSection(ExtensibilityGlobals) = postSolution
		SolutionGuid = {9E5D0464-DCCA-46B2-95A3-C08769E244D0}
	EndGlobalSection
EndGlobal
